// !$*UTF8*$!
{
	archiveVersion = 1;
	classes = {
	};
	objectVersion = 55;
	objects = {

/* Begin PBXBuildFile section */
		63641C8E28176FEF00C192DB /* Movie.xcdatamodeld in Sources */ = {isa = PBXBuildFile; fileRef = 63641C8C28176FEF00C192DB /* Movie.xcdatamodeld */; };
		63FDE3A82815A55E00E81D44 /* AppDelegate.swift in Sources */ = {isa = PBXBuildFile; fileRef = 63FDE3A72815A55E00E81D44 /* AppDelegate.swift */; };
		63FDE3AA2815A55E00E81D44 /* SceneDelegate.swift in Sources */ = {isa = PBXBuildFile; fileRef = 63FDE3A92815A55E00E81D44 /* SceneDelegate.swift */; };
		63FDE3AF2815A55E00E81D44 /* Main.storyboard in Resources */ = {isa = PBXBuildFile; fileRef = 63FDE3AD2815A55E00E81D44 /* Main.storyboard */; };
		63FDE3B12815A56500E81D44 /* Assets.xcassets in Resources */ = {isa = PBXBuildFile; fileRef = 63FDE3B02815A56500E81D44 /* Assets.xcassets */; };
		63FDE3B42815A56500E81D44 /* LaunchScreen.storyboard in Resources */ = {isa = PBXBuildFile; fileRef = 63FDE3B22815A56500E81D44 /* LaunchScreen.storyboard */; };
		63FDE3D82815C3DE00E81D44 /* PopularViewController.swift in Sources */ = {isa = PBXBuildFile; fileRef = 63FDE3D72815C3DE00E81D44 /* PopularViewController.swift */; };
		63FDE3DB2815CB7A00E81D44 /* MovieTableViewCell.swift in Sources */ = {isa = PBXBuildFile; fileRef = 63FDE3D92815CB7A00E81D44 /* MovieTableViewCell.swift */; };
		63FDE3DE2815D65A00E81D44 /* FavoritesViewController.swift in Sources */ = {isa = PBXBuildFile; fileRef = 63FDE3DD2815D65900E81D44 /* FavoritesViewController.swift */; };
		63FDE3E12815DDAC00E81D44 /* FavoriteCollectionViewCell.swift in Sources */ = {isa = PBXBuildFile; fileRef = 63FDE3DF2815DDAC00E81D44 /* FavoriteCollectionViewCell.swift */; };
		63FDE3EE2816744D00E81D44 /* Service.swift in Sources */ = {isa = PBXBuildFile; fileRef = 63FDE3ED2816744D00E81D44 /* Service.swift */; };
		63FDE3F0281675F100E81D44 /* FilterViewController.swift in Sources */ = {isa = PBXBuildFile; fileRef = 63FDE3EF281675F100E81D44 /* FilterViewController.swift */; };
		63FDE3F3281676B900E81D44 /* PopularService.swift in Sources */ = {isa = PBXBuildFile; fileRef = 63FDE3F2281676B900E81D44 /* PopularService.swift */; };
		63FDE3F52816777700E81D44 /* Movie.swift in Sources */ = {isa = PBXBuildFile; fileRef = 63FDE3F42816777700E81D44 /* Movie.swift */; };
		63FDE3F728167AF800E81D44 /* PopularViewModel.swift in Sources */ = {isa = PBXBuildFile; fileRef = 63FDE3F628167AF800E81D44 /* PopularViewModel.swift */; };
		63FDE3FA28167C8D00E81D44 /* UIImageView+loadThumbnail.swift in Sources */ = {isa = PBXBuildFile; fileRef = 63FDE3F928167C8D00E81D44 /* UIImageView+loadThumbnail.swift */; };
		63FDE3FC28167F7000E81D44 /* ServiceTests.swift in Sources */ = {isa = PBXBuildFile; fileRef = 63FDE3FB28167F7000E81D44 /* ServiceTests.swift */; };
		63FDE3FD28167F7C00E81D44 /* Service.swift in Sources */ = {isa = PBXBuildFile; fileRef = 63FDE3ED2816744D00E81D44 /* Service.swift */; };
		63FDE400281681E300E81D44 /* PopularViewModelTest.swift in Sources */ = {isa = PBXBuildFile; fileRef = 63FDE3FF281681E300E81D44 /* PopularViewModelTest.swift */; };
		63FDE401281681F300E81D44 /* PopularViewModel.swift in Sources */ = {isa = PBXBuildFile; fileRef = 63FDE3F628167AF800E81D44 /* PopularViewModel.swift */; };
		63FDE402281683DB00E81D44 /* PopularService.swift in Sources */ = {isa = PBXBuildFile; fileRef = 63FDE3F2281676B900E81D44 /* PopularService.swift */; };
		63FDE4032816848200E81D44 /* Movie.swift in Sources */ = {isa = PBXBuildFile; fileRef = 63FDE3F42816777700E81D44 /* Movie.swift */; };
		63FDE4042816849900E81D44 /* MovieTableViewCell.swift in Sources */ = {isa = PBXBuildFile; fileRef = 63FDE3D92815CB7A00E81D44 /* MovieTableViewCell.swift */; };
		63FDE405281684B100E81D44 /* UIImageView+loadThumbnail.swift in Sources */ = {isa = PBXBuildFile; fileRef = 63FDE3F928167C8D00E81D44 /* UIImageView+loadThumbnail.swift */; };
		63FDE407281685B700E81D44 /* UITableView+EmptyView.swift in Sources */ = {isa = PBXBuildFile; fileRef = 63FDE406281685B700E81D44 /* UITableView+EmptyView.swift */; };
		63FDE4092816860500E81D44 /* UIViewController+Alert.swift in Sources */ = {isa = PBXBuildFile; fileRef = 63FDE4082816860500E81D44 /* UIViewController+Alert.swift */; };
		63FDE40A2816DC2100E81D44 /* PopularViewController.swift in Sources */ = {isa = PBXBuildFile; fileRef = 63FDE3D72815C3DE00E81D44 /* PopularViewController.swift */; };
		63FDE40C2816EAA300E81D44 /* UICollectionView+EmptyView.swift in Sources */ = {isa = PBXBuildFile; fileRef = 63FDE40B2816EAA300E81D44 /* UICollectionView+EmptyView.swift */; };
		63FDE40E2816F20100E81D44 /* FavoriteViewModel.swift in Sources */ = {isa = PBXBuildFile; fileRef = 63FDE40D2816F20100E81D44 /* FavoriteViewModel.swift */; };
		63FDE40F2816F20100E81D44 /* FavoriteViewModel.swift in Sources */ = {isa = PBXBuildFile; fileRef = 63FDE40D2816F20100E81D44 /* FavoriteViewModel.swift */; };
		63FDE4122816F23300E81D44 /* FavoriteService.swift in Sources */ = {isa = PBXBuildFile; fileRef = 63FDE4112816F23300E81D44 /* FavoriteService.swift */; };
		63FDE4132816F23300E81D44 /* FavoriteService.swift in Sources */ = {isa = PBXBuildFile; fileRef = 63FDE4112816F23300E81D44 /* FavoriteService.swift */; };
		63FDE4162817024300E81D44 /* FavoriteViewModelTest.swift in Sources */ = {isa = PBXBuildFile; fileRef = 63FDE4142817024300E81D44 /* FavoriteViewModelTest.swift */; };
		63FDE417281703F700E81D44 /* FavoriteCollectionViewCell.swift in Sources */ = {isa = PBXBuildFile; fileRef = 63FDE3DF2815DDAC00E81D44 /* FavoriteCollectionViewCell.swift */; };
		63FDE4182817041700E81D44 /* FilterViewController.swift in Sources */ = {isa = PBXBuildFile; fileRef = 63FDE3EF281675F100E81D44 /* FilterViewController.swift */; };
		63FDE4192817044700E81D44 /* FavoritesViewController.swift in Sources */ = {isa = PBXBuildFile; fileRef = 63FDE3DD2815D65900E81D44 /* FavoritesViewController.swift */; };
		63FDE41A2817046600E81D44 /* UIViewController+Alert.swift in Sources */ = {isa = PBXBuildFile; fileRef = 63FDE4082816860500E81D44 /* UIViewController+Alert.swift */; };
		63FDE41B2817049000E81D44 /* UITableView+EmptyView.swift in Sources */ = {isa = PBXBuildFile; fileRef = 63FDE406281685B700E81D44 /* UITableView+EmptyView.swift */; };
		63FDE41C281704AA00E81D44 /* UICollectionView+EmptyView.swift in Sources */ = {isa = PBXBuildFile; fileRef = 63FDE40B2816EAA300E81D44 /* UICollectionView+EmptyView.swift */; };
		63FDE41E28170F0000E81D44 /* FavoriteMovie.swift in Sources */ = {isa = PBXBuildFile; fileRef = 63FDE41D28170F0000E81D44 /* FavoriteMovie.swift */; };
		63FDE41F28170F0000E81D44 /* FavoriteMovie.swift in Sources */ = {isa = PBXBuildFile; fileRef = 63FDE41D28170F0000E81D44 /* FavoriteMovie.swift */; };
/* End PBXBuildFile section */

/* Begin PBXContainerItemProxy section */
		63FDE3BB2815A56600E81D44 /* PBXContainerItemProxy */ = {
			isa = PBXContainerItemProxy;
			containerPortal = 63FDE39C2815A55E00E81D44 /* Project object */;
			proxyType = 1;
			remoteGlobalIDString = 63FDE3A32815A55E00E81D44;
			remoteInfo = Movies;
		};
/* End PBXContainerItemProxy section */

/* Begin PBXFileReference section */
		63641C8D28176FEF00C192DB /* Movie.xcdatamodel */ = {isa = PBXFileReference; lastKnownFileType = wrapper.xcdatamodel; path = Movie.xcdatamodel; sourceTree = "<group>"; };
		63FDE3A42815A55E00E81D44 /* Movies.app */ = {isa = PBXFileReference; explicitFileType = wrapper.application; includeInIndex = 0; path = Movies.app; sourceTree = BUILT_PRODUCTS_DIR; };
		63FDE3A72815A55E00E81D44 /* AppDelegate.swift */ = {isa = PBXFileReference; lastKnownFileType = sourcecode.swift; path = AppDelegate.swift; sourceTree = "<group>"; };
		63FDE3A92815A55E00E81D44 /* SceneDelegate.swift */ = {isa = PBXFileReference; lastKnownFileType = sourcecode.swift; path = SceneDelegate.swift; sourceTree = "<group>"; };
		63FDE3AE2815A55E00E81D44 /* Base */ = {isa = PBXFileReference; lastKnownFileType = file.storyboard; name = Base; path = Base.lproj/Main.storyboard; sourceTree = "<group>"; };
		63FDE3B02815A56500E81D44 /* Assets.xcassets */ = {isa = PBXFileReference; lastKnownFileType = folder.assetcatalog; path = Assets.xcassets; sourceTree = "<group>"; };
		63FDE3B32815A56500E81D44 /* Base */ = {isa = PBXFileReference; lastKnownFileType = file.storyboard; name = Base; path = Base.lproj/LaunchScreen.storyboard; sourceTree = "<group>"; };
		63FDE3B52815A56500E81D44 /* Info.plist */ = {isa = PBXFileReference; lastKnownFileType = text.plist.xml; path = Info.plist; sourceTree = "<group>"; };
		63FDE3BA2815A56600E81D44 /* MoviesTests.xctest */ = {isa = PBXFileReference; explicitFileType = wrapper.cfbundle; includeInIndex = 0; path = MoviesTests.xctest; sourceTree = BUILT_PRODUCTS_DIR; };
		63FDE3D72815C3DE00E81D44 /* PopularViewController.swift */ = {isa = PBXFileReference; lastKnownFileType = sourcecode.swift; path = PopularViewController.swift; sourceTree = "<group>"; };
		63FDE3D92815CB7A00E81D44 /* MovieTableViewCell.swift */ = {isa = PBXFileReference; lastKnownFileType = sourcecode.swift; path = MovieTableViewCell.swift; sourceTree = "<group>"; };
		63FDE3DD2815D65900E81D44 /* FavoritesViewController.swift */ = {isa = PBXFileReference; lastKnownFileType = sourcecode.swift; path = FavoritesViewController.swift; sourceTree = "<group>"; };
		63FDE3DF2815DDAC00E81D44 /* FavoriteCollectionViewCell.swift */ = {isa = PBXFileReference; lastKnownFileType = sourcecode.swift; path = FavoriteCollectionViewCell.swift; sourceTree = "<group>"; };
		63FDE3ED2816744D00E81D44 /* Service.swift */ = {isa = PBXFileReference; lastKnownFileType = sourcecode.swift; path = Service.swift; sourceTree = "<group>"; };
		63FDE3EF281675F100E81D44 /* FilterViewController.swift */ = {isa = PBXFileReference; lastKnownFileType = sourcecode.swift; path = FilterViewController.swift; sourceTree = "<group>"; };
		63FDE3F2281676B900E81D44 /* PopularService.swift */ = {isa = PBXFileReference; lastKnownFileType = sourcecode.swift; path = PopularService.swift; sourceTree = "<group>"; };
		63FDE3F42816777700E81D44 /* Movie.swift */ = {isa = PBXFileReference; lastKnownFileType = sourcecode.swift; path = Movie.swift; sourceTree = "<group>"; };
		63FDE3F628167AF800E81D44 /* PopularViewModel.swift */ = {isa = PBXFileReference; lastKnownFileType = sourcecode.swift; path = PopularViewModel.swift; sourceTree = "<group>"; };
		63FDE3F928167C8D00E81D44 /* UIImageView+loadThumbnail.swift */ = {isa = PBXFileReference; lastKnownFileType = sourcecode.swift; path = "UIImageView+loadThumbnail.swift"; sourceTree = "<group>"; };
		63FDE3FB28167F7000E81D44 /* ServiceTests.swift */ = {isa = PBXFileReference; lastKnownFileType = sourcecode.swift; path = ServiceTests.swift; sourceTree = "<group>"; };
		63FDE3FF281681E300E81D44 /* PopularViewModelTest.swift */ = {isa = PBXFileReference; lastKnownFileType = sourcecode.swift; path = PopularViewModelTest.swift; sourceTree = "<group>"; };
		63FDE406281685B700E81D44 /* UITableView+EmptyView.swift */ = {isa = PBXFileReference; lastKnownFileType = sourcecode.swift; path = "UITableView+EmptyView.swift"; sourceTree = "<group>"; };
		63FDE4082816860500E81D44 /* UIViewController+Alert.swift */ = {isa = PBXFileReference; lastKnownFileType = sourcecode.swift; path = "UIViewController+Alert.swift"; sourceTree = "<group>"; };
		63FDE40B2816EAA300E81D44 /* UICollectionView+EmptyView.swift */ = {isa = PBXFileReference; lastKnownFileType = sourcecode.swift; path = "UICollectionView+EmptyView.swift"; sourceTree = "<group>"; };
		63FDE40D2816F20100E81D44 /* FavoriteViewModel.swift */ = {isa = PBXFileReference; lastKnownFileType = sourcecode.swift; path = FavoriteViewModel.swift; sourceTree = "<group>"; };
		63FDE4112816F23300E81D44 /* FavoriteService.swift */ = {isa = PBXFileReference; lastKnownFileType = sourcecode.swift; path = FavoriteService.swift; sourceTree = "<group>"; };
		63FDE4142817024300E81D44 /* FavoriteViewModelTest.swift */ = {isa = PBXFileReference; lastKnownFileType = sourcecode.swift; path = FavoriteViewModelTest.swift; sourceTree = "<group>"; };
		63FDE41D28170F0000E81D44 /* FavoriteMovie.swift */ = {isa = PBXFileReference; lastKnownFileType = sourcecode.swift; path = FavoriteMovie.swift; sourceTree = "<group>"; };
/* End PBXFileReference section */

/* Begin PBXFrameworksBuildPhase section */
		63FDE3A12815A55E00E81D44 /* Frameworks */ = {
			isa = PBXFrameworksBuildPhase;
			buildActionMask = 2147483647;
			files = (
			);
			runOnlyForDeploymentPostprocessing = 0;
		};
		63FDE3B72815A56600E81D44 /* Frameworks */ = {
			isa = PBXFrameworksBuildPhase;
			buildActionMask = 2147483647;
			files = (
			);
			runOnlyForDeploymentPostprocessing = 0;
		};
/* End PBXFrameworksBuildPhase section */

/* Begin PBXGroup section */
		63FDE39B2815A55E00E81D44 = {
			isa = PBXGroup;
			children = (
				63FDE3A62815A55E00E81D44 /* Movies */,
				63FDE3BD2815A56600E81D44 /* MoviesTests */,
				63FDE3A52815A55E00E81D44 /* Products */,
			);
			sourceTree = "<group>";
		};
		63FDE3A52815A55E00E81D44 /* Products */ = {
			isa = PBXGroup;
			children = (
				63FDE3A42815A55E00E81D44 /* Movies.app */,
				63FDE3BA2815A56600E81D44 /* MoviesTests.xctest */,
			);
			name = Products;
			sourceTree = "<group>";
		};
		63FDE3A62815A55E00E81D44 /* Movies */ = {
			isa = PBXGroup;
			children = (
				63FDE3F828167C5800E81D44 /* Common */,
				63FDE3EC2816741B00E81D44 /* Network */,
				63FDE3E32816717C00E81D44 /* Scenes */,
				63FDE3A72815A55E00E81D44 /* AppDelegate.swift */,
				63FDE3A92815A55E00E81D44 /* SceneDelegate.swift */,
				63FDE3AD2815A55E00E81D44 /* Main.storyboard */,
				63FDE3B02815A56500E81D44 /* Assets.xcassets */,
				63FDE3B22815A56500E81D44 /* LaunchScreen.storyboard */,
				63FDE3B52815A56500E81D44 /* Info.plist */,
				63641C8C28176FEF00C192DB /* Movie.xcdatamodeld */,
			);
			path = Movies;
			sourceTree = "<group>";
		};
		63FDE3BD2815A56600E81D44 /* MoviesTests */ = {
			isa = PBXGroup;
			children = (
				63FDE3FB28167F7000E81D44 /* ServiceTests.swift */,
				63FDE3FF281681E300E81D44 /* PopularViewModelTest.swift */,
				63FDE4142817024300E81D44 /* FavoriteViewModelTest.swift */,
			);
			path = MoviesTests;
			sourceTree = "<group>";
		};
		63FDE3E32816717C00E81D44 /* Scenes */ = {
			isa = PBXGroup;
			children = (
				63FDE3E52816718B00E81D44 /* Popular */,
				63FDE3E42816718300E81D44 /* Favorites */,
			);
			path = Scenes;
			sourceTree = "<group>";
		};
		63FDE3E42816718300E81D44 /* Favorites */ = {
			isa = PBXGroup;
			children = (
				63FDE4102816F21F00E81D44 /* Data */,
				63FDE3EB2816722200E81D44 /* Model */,
				63FDE3E92816721200E81D44 /* ViewModel */,
				63FDE3E72816720000E81D44 /* View */,
			);
			path = Favorites;
			sourceTree = "<group>";
		};
		63FDE3E52816718B00E81D44 /* Popular */ = {
			isa = PBXGroup;
			children = (
				63FDE3F12816768B00E81D44 /* Data */,
				63FDE3EA2816721C00E81D44 /* Model */,
				63FDE3E82816720B00E81D44 /* ViewModel */,
				63FDE3E6281671F000E81D44 /* View */,
			);
			path = Popular;
			sourceTree = "<group>";
		};
		63FDE3E6281671F000E81D44 /* View */ = {
			isa = PBXGroup;
			children = (
				63FDE3D72815C3DE00E81D44 /* PopularViewController.swift */,
				63FDE3D92815CB7A00E81D44 /* MovieTableViewCell.swift */,
				63FDE3EF281675F100E81D44 /* FilterViewController.swift */,
			);
			path = View;
			sourceTree = "<group>";
		};
		63FDE3E72816720000E81D44 /* View */ = {
			isa = PBXGroup;
			children = (
				63FDE3DF2815DDAC00E81D44 /* FavoriteCollectionViewCell.swift */,
				63FDE3DD2815D65900E81D44 /* FavoritesViewController.swift */,
			);
			path = View;
			sourceTree = "<group>";
		};
		63FDE3E82816720B00E81D44 /* ViewModel */ = {
			isa = PBXGroup;
			children = (
				63FDE3F628167AF800E81D44 /* PopularViewModel.swift */,
			);
			path = ViewModel;
			sourceTree = "<group>";
		};
		63FDE3E92816721200E81D44 /* ViewModel */ = {
			isa = PBXGroup;
			children = (
				63FDE40D2816F20100E81D44 /* FavoriteViewModel.swift */,
			);
			path = ViewModel;
			sourceTree = "<group>";
		};
		63FDE3EA2816721C00E81D44 /* Model */ = {
			isa = PBXGroup;
			children = (
				63FDE3F42816777700E81D44 /* Movie.swift */,
			);
			path = Model;
			sourceTree = "<group>";
		};
		63FDE3EB2816722200E81D44 /* Model */ = {
			isa = PBXGroup;
			children = (
				63FDE41D28170F0000E81D44 /* FavoriteMovie.swift */,
			);
			path = Model;
			sourceTree = "<group>";
		};
		63FDE3EC2816741B00E81D44 /* Network */ = {
			isa = PBXGroup;
			children = (
				63FDE3ED2816744D00E81D44 /* Service.swift */,
			);
			path = Network;
			sourceTree = "<group>";
		};
		63FDE3F12816768B00E81D44 /* Data */ = {
			isa = PBXGroup;
			children = (
				63FDE3F2281676B900E81D44 /* PopularService.swift */,
			);
			path = Data;
			sourceTree = "<group>";
		};
		63FDE3F828167C5800E81D44 /* Common */ = {
			isa = PBXGroup;
			children = (
				63FDE3F928167C8D00E81D44 /* UIImageView+loadThumbnail.swift */,
				63FDE406281685B700E81D44 /* UITableView+EmptyView.swift */,
				63FDE4082816860500E81D44 /* UIViewController+Alert.swift */,
				63FDE40B2816EAA300E81D44 /* UICollectionView+EmptyView.swift */,
			);
			path = Common;
			sourceTree = "<group>";
		};
		63FDE4102816F21F00E81D44 /* Data */ = {
			isa = PBXGroup;
			children = (
				63FDE4112816F23300E81D44 /* FavoriteService.swift */,
			);
			path = Data;
			sourceTree = "<group>";
		};
/* End PBXGroup section */

/* Begin PBXNativeTarget section */
		63FDE3A32815A55E00E81D44 /* Movies */ = {
			isa = PBXNativeTarget;
			buildConfigurationList = 63FDE3CE2815A56600E81D44 /* Build configuration list for PBXNativeTarget "Movies" */;
			buildPhases = (
				63FDE3A02815A55E00E81D44 /* Sources */,
				63FDE3A12815A55E00E81D44 /* Frameworks */,
				63FDE3A22815A55E00E81D44 /* Resources */,
			);
			buildRules = (
			);
			dependencies = (
			);
			name = Movies;
			productName = Movies;
			productReference = 63FDE3A42815A55E00E81D44 /* Movies.app */;
			productType = "com.apple.product-type.application";
		};
		63FDE3B92815A56600E81D44 /* MoviesTests */ = {
			isa = PBXNativeTarget;
			buildConfigurationList = 63FDE3D12815A56600E81D44 /* Build configuration list for PBXNativeTarget "MoviesTests" */;
			buildPhases = (
				63FDE3B62815A56600E81D44 /* Sources */,
				63FDE3B72815A56600E81D44 /* Frameworks */,
				63FDE3B82815A56600E81D44 /* Resources */,
			);
			buildRules = (
			);
			dependencies = (
				63FDE3BC2815A56600E81D44 /* PBXTargetDependency */,
			);
			name = MoviesTests;
			productName = MoviesTests;
			productReference = 63FDE3BA2815A56600E81D44 /* MoviesTests.xctest */;
			productType = "com.apple.product-type.bundle.unit-test";
		};
/* End PBXNativeTarget section */

/* Begin PBXProject section */
		63FDE39C2815A55E00E81D44 /* Project object */ = {
			isa = PBXProject;
			attributes = {
				BuildIndependentTargetsInParallel = 1;
				LastSwiftUpdateCheck = 1320;
				LastUpgradeCheck = 1320;
				TargetAttributes = {
					63FDE3A32815A55E00E81D44 = {
						CreatedOnToolsVersion = 13.2.1;
					};
					63FDE3B92815A56600E81D44 = {
						CreatedOnToolsVersion = 13.2.1;
						TestTargetID = 63FDE3A32815A55E00E81D44;
					};
				};
			};
			buildConfigurationList = 63FDE39F2815A55E00E81D44 /* Build configuration list for PBXProject "Movies" */;
			compatibilityVersion = "Xcode 13.0";
			developmentRegion = en;
			hasScannedForEncodings = 0;
			knownRegions = (
				en,
				Base,
			);
			mainGroup = 63FDE39B2815A55E00E81D44;
			productRefGroup = 63FDE3A52815A55E00E81D44 /* Products */;
			projectDirPath = "";
			projectRoot = "";
			targets = (
				63FDE3A32815A55E00E81D44 /* Movies */,
				63FDE3B92815A56600E81D44 /* MoviesTests */,
			);
		};
/* End PBXProject section */

/* Begin PBXResourcesBuildPhase section */
		63FDE3A22815A55E00E81D44 /* Resources */ = {
			isa = PBXResourcesBuildPhase;
			buildActionMask = 2147483647;
			files = (
				63FDE3B42815A56500E81D44 /* LaunchScreen.storyboard in Resources */,
				63FDE3B12815A56500E81D44 /* Assets.xcassets in Resources */,
				63FDE3AF2815A55E00E81D44 /* Main.storyboard in Resources */,
			);
			runOnlyForDeploymentPostprocessing = 0;
		};
		63FDE3B82815A56600E81D44 /* Resources */ = {
			isa = PBXResourcesBuildPhase;
			buildActionMask = 2147483647;
			files = (
			);
			runOnlyForDeploymentPostprocessing = 0;
		};
/* End PBXResourcesBuildPhase section */

/* Begin PBXSourcesBuildPhase section */
		63FDE3A02815A55E00E81D44 /* Sources */ = {
			isa = PBXSourcesBuildPhase;
			buildActionMask = 2147483647;
			files = (
				63FDE3DB2815CB7A00E81D44 /* MovieTableViewCell.swift in Sources */,
				63641C8E28176FEF00C192DB /* Movie.xcdatamodeld in Sources */,
				63FDE3EE2816744D00E81D44 /* Service.swift in Sources */,
				63FDE41E28170F0000E81D44 /* FavoriteMovie.swift in Sources */,
				63FDE4122816F23300E81D44 /* FavoriteService.swift in Sources */,
				63FDE3F0281675F100E81D44 /* FilterViewController.swift in Sources */,
				63FDE3F728167AF800E81D44 /* PopularViewModel.swift in Sources */,
				63FDE3D82815C3DE00E81D44 /* PopularViewController.swift in Sources */,
				63FDE3F52816777700E81D44 /* Movie.swift in Sources */,
				63FDE407281685B700E81D44 /* UITableView+EmptyView.swift in Sources */,
				63FDE3A82815A55E00E81D44 /* AppDelegate.swift in Sources */,
				63FDE3F3281676B900E81D44 /* PopularService.swift in Sources */,
				63FDE3E12815DDAC00E81D44 /* FavoriteCollectionViewCell.swift in Sources */,
				63FDE3FA28167C8D00E81D44 /* UIImageView+loadThumbnail.swift in Sources */,
				63FDE3DE2815D65A00E81D44 /* FavoritesViewController.swift in Sources */,
				63FDE3AA2815A55E00E81D44 /* SceneDelegate.swift in Sources */,
				63FDE40C2816EAA300E81D44 /* UICollectionView+EmptyView.swift in Sources */,
				63FDE40E2816F20100E81D44 /* FavoriteViewModel.swift in Sources */,
				63FDE4092816860500E81D44 /* UIViewController+Alert.swift in Sources */,
			);
			runOnlyForDeploymentPostprocessing = 0;
		};
		63FDE3B62815A56600E81D44 /* Sources */ = {
			isa = PBXSourcesBuildPhase;
			buildActionMask = 2147483647;
			files = (
				63FDE4182817041700E81D44 /* FilterViewController.swift in Sources */,
				63FDE417281703F700E81D44 /* FavoriteCollectionViewCell.swift in Sources */,
				63FDE401281681F300E81D44 /* PopularViewModel.swift in Sources */,
				63FDE400281681E300E81D44 /* PopularViewModelTest.swift in Sources */,
				63FDE41C281704AA00E81D44 /* UICollectionView+EmptyView.swift in Sources */,
				63FDE4042816849900E81D44 /* MovieTableViewCell.swift in Sources */,
				63FDE4132816F23300E81D44 /* FavoriteService.swift in Sources */,
				63FDE40A2816DC2100E81D44 /* PopularViewController.swift in Sources */,
				63FDE41A2817046600E81D44 /* UIViewController+Alert.swift in Sources */,
				63FDE4032816848200E81D44 /* Movie.swift in Sources */,
				63FDE3FC28167F7000E81D44 /* ServiceTests.swift in Sources */,
				63FDE405281684B100E81D44 /* UIImageView+loadThumbnail.swift in Sources */,
				63FDE402281683DB00E81D44 /* PopularService.swift in Sources */,
				63FDE40F2816F20100E81D44 /* FavoriteViewModel.swift in Sources */,
				63FDE41F28170F0000E81D44 /* FavoriteMovie.swift in Sources */,
				63FDE41B2817049000E81D44 /* UITableView+EmptyView.swift in Sources */,
				63FDE4162817024300E81D44 /* FavoriteViewModelTest.swift in Sources */,
				63FDE4192817044700E81D44 /* FavoritesViewController.swift in Sources */,
				63FDE3FD28167F7C00E81D44 /* Service.swift in Sources */,
			);
			runOnlyForDeploymentPostprocessing = 0;
		};
/* End PBXSourcesBuildPhase section */

/* Begin PBXTargetDependency section */
		63FDE3BC2815A56600E81D44 /* PBXTargetDependency */ = {
			isa = PBXTargetDependency;
			target = 63FDE3A32815A55E00E81D44 /* Movies */;
			targetProxy = 63FDE3BB2815A56600E81D44 /* PBXContainerItemProxy */;
		};
/* End PBXTargetDependency section */

/* Begin PBXVariantGroup section */
		63FDE3AD2815A55E00E81D44 /* Main.storyboard */ = {
			isa = PBXVariantGroup;
			children = (
				63FDE3AE2815A55E00E81D44 /* Base */,
			);
			name = Main.storyboard;
			sourceTree = "<group>";
		};
		63FDE3B22815A56500E81D44 /* LaunchScreen.storyboard */ = {
			isa = PBXVariantGroup;
			children = (
				63FDE3B32815A56500E81D44 /* Base */,
			);
			name = LaunchScreen.storyboard;
			sourceTree = "<group>";
		};
/* End PBXVariantGroup section */

/* Begin XCBuildConfiguration section */
		63FDE3CC2815A56600E81D44 /* Debug */ = {
			isa = XCBuildConfiguration;
			buildSettings = {
				ALWAYS_SEARCH_USER_PATHS = NO;
				CLANG_ANALYZER_NONNULL = YES;
				CLANG_ANALYZER_NUMBER_OBJECT_CONVERSION = YES_AGGRESSIVE;
				CLANG_CXX_LANGUAGE_STANDARD = "gnu++17";
				CLANG_CXX_LIBRARY = "libc++";
				CLANG_ENABLE_MODULES = YES;
				CLANG_ENABLE_OBJC_ARC = YES;
				CLANG_ENABLE_OBJC_WEAK = YES;
				CLANG_WARN_BLOCK_CAPTURE_AUTORELEASING = YES;
				CLANG_WARN_BOOL_CONVERSION = YES;
				CLANG_WARN_COMMA = YES;
				CLANG_WARN_CONSTANT_CONVERSION = YES;
				CLANG_WARN_DEPRECATED_OBJC_IMPLEMENTATIONS = YES;
				CLANG_WARN_DIRECT_OBJC_ISA_USAGE = YES_ERROR;
				CLANG_WARN_DOCUMENTATION_COMMENTS = YES;
				CLANG_WARN_EMPTY_BODY = YES;
				CLANG_WARN_ENUM_CONVERSION = YES;
				CLANG_WARN_INFINITE_RECURSION = YES;
				CLANG_WARN_INT_CONVERSION = YES;
				CLANG_WARN_NON_LITERAL_NULL_CONVERSION = YES;
				CLANG_WARN_OBJC_IMPLICIT_RETAIN_SELF = YES;
				CLANG_WARN_OBJC_LITERAL_CONVERSION = YES;
				CLANG_WARN_OBJC_ROOT_CLASS = YES_ERROR;
				CLANG_WARN_QUOTED_INCLUDE_IN_FRAMEWORK_HEADER = YES;
				CLANG_WARN_RANGE_LOOP_ANALYSIS = YES;
				CLANG_WARN_STRICT_PROTOTYPES = YES;
				CLANG_WARN_SUSPICIOUS_MOVE = YES;
				CLANG_WARN_UNGUARDED_AVAILABILITY = YES_AGGRESSIVE;
				CLANG_WARN_UNREACHABLE_CODE = YES;
				CLANG_WARN__DUPLICATE_METHOD_MATCH = YES;
				COPY_PHASE_STRIP = NO;
				DEBUG_INFORMATION_FORMAT = dwarf;
				ENABLE_STRICT_OBJC_MSGSEND = YES;
				ENABLE_TESTABILITY = YES;
				GCC_C_LANGUAGE_STANDARD = gnu11;
				GCC_DYNAMIC_NO_PIC = NO;
				GCC_NO_COMMON_BLOCKS = YES;
				GCC_OPTIMIZATION_LEVEL = 0;
				GCC_PREPROCESSOR_DEFINITIONS = (
					"DEBUG=1",
					"$(inherited)",
				);
				GCC_WARN_64_TO_32_BIT_CONVERSION = YES;
				GCC_WARN_ABOUT_RETURN_TYPE = YES_ERROR;
				GCC_WARN_UNDECLARED_SELECTOR = YES;
				GCC_WARN_UNINITIALIZED_AUTOS = YES_AGGRESSIVE;
				GCC_WARN_UNUSED_FUNCTION = YES;
				GCC_WARN_UNUSED_VARIABLE = YES;
				IPHONEOS_DEPLOYMENT_TARGET = 15.2;
				MTL_ENABLE_DEBUG_INFO = INCLUDE_SOURCE;
				MTL_FAST_MATH = YES;
				ONLY_ACTIVE_ARCH = YES;
				SDKROOT = iphoneos;
				SWIFT_ACTIVE_COMPILATION_CONDITIONS = DEBUG;
				SWIFT_OPTIMIZATION_LEVEL = "-Onone";
			};
			name = Debug;
		};
		63FDE3CD2815A56600E81D44 /* Release */ = {
			isa = XCBuildConfiguration;
			buildSettings = {
				ALWAYS_SEARCH_USER_PATHS = NO;
				CLANG_ANALYZER_NONNULL = YES;
				CLANG_ANALYZER_NUMBER_OBJECT_CONVERSION = YES_AGGRESSIVE;
				CLANG_CXX_LANGUAGE_STANDARD = "gnu++17";
				CLANG_CXX_LIBRARY = "libc++";
				CLANG_ENABLE_MODULES = YES;
				CLANG_ENABLE_OBJC_ARC = YES;
				CLANG_ENABLE_OBJC_WEAK = YES;
				CLANG_WARN_BLOCK_CAPTURE_AUTORELEASING = YES;
				CLANG_WARN_BOOL_CONVERSION = YES;
				CLANG_WARN_COMMA = YES;
				CLANG_WARN_CONSTANT_CONVERSION = YES;
				CLANG_WARN_DEPRECATED_OBJC_IMPLEMENTATIONS = YES;
				CLANG_WARN_DIRECT_OBJC_ISA_USAGE = YES_ERROR;
				CLANG_WARN_DOCUMENTATION_COMMENTS = YES;
				CLANG_WARN_EMPTY_BODY = YES;
				CLANG_WARN_ENUM_CONVERSION = YES;
				CLANG_WARN_INFINITE_RECURSION = YES;
				CLANG_WARN_INT_CONVERSION = YES;
				CLANG_WARN_NON_LITERAL_NULL_CONVERSION = YES;
				CLANG_WARN_OBJC_IMPLICIT_RETAIN_SELF = YES;
				CLANG_WARN_OBJC_LITERAL_CONVERSION = YES;
				CLANG_WARN_OBJC_ROOT_CLASS = YES_ERROR;
				CLANG_WARN_QUOTED_INCLUDE_IN_FRAMEWORK_HEADER = YES;
				CLANG_WARN_RANGE_LOOP_ANALYSIS = YES;
				CLANG_WARN_STRICT_PROTOTYPES = YES;
				CLANG_WARN_SUSPICIOUS_MOVE = YES;
				CLANG_WARN_UNGUARDED_AVAILABILITY = YES_AGGRESSIVE;
				CLANG_WARN_UNREACHABLE_CODE = YES;
				CLANG_WARN__DUPLICATE_METHOD_MATCH = YES;
				COPY_PHASE_STRIP = NO;
				DEBUG_INFORMATION_FORMAT = "dwarf-with-dsym";
				ENABLE_NS_ASSERTIONS = NO;
				ENABLE_STRICT_OBJC_MSGSEND = YES;
				GCC_C_LANGUAGE_STANDARD = gnu11;
				GCC_NO_COMMON_BLOCKS = YES;
				GCC_WARN_64_TO_32_BIT_CONVERSION = YES;
				GCC_WARN_ABOUT_RETURN_TYPE = YES_ERROR;
				GCC_WARN_UNDECLARED_SELECTOR = YES;
				GCC_WARN_UNINITIALIZED_AUTOS = YES_AGGRESSIVE;
				GCC_WARN_UNUSED_FUNCTION = YES;
				GCC_WARN_UNUSED_VARIABLE = YES;
				IPHONEOS_DEPLOYMENT_TARGET = 15.2;
				MTL_ENABLE_DEBUG_INFO = NO;
				MTL_FAST_MATH = YES;
				SDKROOT = iphoneos;
				SWIFT_COMPILATION_MODE = wholemodule;
				SWIFT_OPTIMIZATION_LEVEL = "-O";
				VALIDATE_PRODUCT = YES;
			};
			name = Release;
		};
		63FDE3CF2815A56600E81D44 /* Debug */ = {
			isa = XCBuildConfiguration;
			buildSettings = {
				ASSETCATALOG_COMPILER_APPICON_NAME = AppIcon;
				ASSETCATALOG_COMPILER_GLOBAL_ACCENT_COLOR_NAME = AccentColor;
				CODE_SIGN_STYLE = Automatic;
				CURRENT_PROJECT_VERSION = 1;
				DEVELOPMENT_TEAM = SL5T8FJF6Z;
				GENERATE_INFOPLIST_FILE = YES;
				INFOPLIST_FILE = Movies/Info.plist;
				INFOPLIST_KEY_UIApplicationSupportsIndirectInputEvents = YES;
				INFOPLIST_KEY_UILaunchStoryboardName = LaunchScreen;
				INFOPLIST_KEY_UIMainStoryboardFile = Main;
				INFOPLIST_KEY_UISupportedInterfaceOrientations = UIInterfaceOrientationPortrait;
				INFOPLIST_KEY_UISupportedInterfaceOrientations_iPad = "UIInterfaceOrientationPortrait UIInterfaceOrientationPortraitUpsideDown UIInterfaceOrientationLandscapeLeft UIInterfaceOrientationLandscapeRight";
				INFOPLIST_KEY_UISupportedInterfaceOrientations_iPhone = "UIInterfaceOrientationPortrait UIInterfaceOrientationLandscapeLeft UIInterfaceOrientationLandscapeRight";
				LD_RUNPATH_SEARCH_PATHS = (
					"$(inherited)",
					"@executable_path/Frameworks",
				);
				MARKETING_VERSION = 1.0;
				PRODUCT_BUNDLE_IDENTIFIER = com.giri.Movies;
				PRODUCT_NAME = "$(TARGET_NAME)";
				SWIFT_EMIT_LOC_STRINGS = YES;
				SWIFT_VERSION = 5.0;
				TARGETED_DEVICE_FAMILY = "1,2";
			};
			name = Debug;
		};
		63FDE3D02815A56600E81D44 /* Release */ = {
			isa = XCBuildConfiguration;
			buildSettings = {
				ASSETCATALOG_COMPILER_APPICON_NAME = AppIcon;
				ASSETCATALOG_COMPILER_GLOBAL_ACCENT_COLOR_NAME = AccentColor;
				CODE_SIGN_STYLE = Automatic;
				CURRENT_PROJECT_VERSION = 1;
				DEVELOPMENT_TEAM = SL5T8FJF6Z;
				GENERATE_INFOPLIST_FILE = YES;
				INFOPLIST_FILE = Movies/Info.plist;
				INFOPLIST_KEY_UIApplicationSupportsIndirectInputEvents = YES;
				INFOPLIST_KEY_UILaunchStoryboardName = LaunchScreen;
				INFOPLIST_KEY_UIMainStoryboardFile = Main;
				INFOPLIST_KEY_UISupportedInterfaceOrientations = UIInterfaceOrientationPortrait;
				INFOPLIST_KEY_UISupportedInterfaceOrientations_iPad = "UIInterfaceOrientationPortrait UIInterfaceOrientationPortraitUpsideDown UIInterfaceOrientationLandscapeLeft UIInterfaceOrientationLandscapeRight";
				INFOPLIST_KEY_UISupportedInterfaceOrientations_iPhone = "UIInterfaceOrientationPortrait UIInterfaceOrientationLandscapeLeft UIInterfaceOrientationLandscapeRight";
				LD_RUNPATH_SEARCH_PATHS = (
					"$(inherited)",
					"@executable_path/Frameworks",
				);
				MARKETING_VERSION = 1.0;
				PRODUCT_BUNDLE_IDENTIFIER = com.giri.Movies;
				PRODUCT_NAME = "$(TARGET_NAME)";
				SWIFT_EMIT_LOC_STRINGS = YES;
				SWIFT_VERSION = 5.0;
				TARGETED_DEVICE_FAMILY = "1,2";
			};
			name = Release;
		};
		63FDE3D22815A56600E81D44 /* Debug */ = {
			isa = XCBuildConfiguration;
			buildSettings = {
				ALWAYS_EMBED_SWIFT_STANDARD_LIBRARIES = YES;
				BUNDLE_LOADER = "$(TEST_HOST)";
				CODE_SIGN_STYLE = Automatic;
				CURRENT_PROJECT_VERSION = 1;
				GENERATE_INFOPLIST_FILE = YES;
				IPHONEOS_DEPLOYMENT_TARGET = 15.2;
				MARKETING_VERSION = 1.0;
				PRODUCT_BUNDLE_IDENTIFIER = com.giri.MoviesTests;
				PRODUCT_NAME = "$(TARGET_NAME)";
				SWIFT_EMIT_LOC_STRINGS = NO;
				SWIFT_VERSION = 5.0;
				TARGETED_DEVICE_FAMILY = "1,2";
				TEST_HOST = "$(BUILT_PRODUCTS_DIR)/Movies.app/Movies";
			};
			name = Debug;
		};
		63FDE3D32815A56600E81D44 /* Release */ = {
			isa = XCBuildConfiguration;
			buildSettings = {
				ALWAYS_EMBED_SWIFT_STANDARD_LIBRARIES = YES;
				BUNDLE_LOADER = "$(TEST_HOST)";
				CODE_SIGN_STYLE = Automatic;
				CURRENT_PROJECT_VERSION = 1;
				GENERATE_INFOPLIST_FILE = YES;
				IPHONEOS_DEPLOYMENT_TARGET = 15.2;
				MARKETING_VERSION = 1.0;
				PRODUCT_BUNDLE_IDENTIFIER = com.giri.MoviesTests;
				PRODUCT_NAME = "$(TARGET_NAME)";
				SWIFT_EMIT_LOC_STRINGS = NO;
				SWIFT_VERSION = 5.0;
				TARGETED_DEVICE_FAMILY = "1,2";
				TEST_HOST = "$(BUILT_PRODUCTS_DIR)/Movies.app/Movies";
			};
			name = Release;
		};
/* End XCBuildConfiguration section */

/* Begin XCConfigurationList section */
		63FDE39F2815A55E00E81D44 /* Build configuration list for PBXProject "Movies" */ = {
			isa = XCConfigurationList;
			buildConfigurations = (
				63FDE3CC2815A56600E81D44 /* Debug */,
				63FDE3CD2815A56600E81D44 /* Release */,
			);
			defaultConfigurationIsVisible = 0;
			defaultConfigurationName = Release;
		};
		63FDE3CE2815A56600E81D44 /* Build configuration list for PBXNativeTarget "Movies" */ = {
			isa = XCConfigurationList;
			buildConfigurations = (
				63FDE3CF2815A56600E81D44 /* Debug */,
				63FDE3D02815A56600E81D44 /* Release */,
			);
			defaultConfigurationIsVisible = 0;
			defaultConfigurationName = Release;
		};
		63FDE3D12815A56600E81D44 /* Build configuration list for PBXNativeTarget "MoviesTests" */ = {
			isa = XCConfigurationList;
			buildConfigurations = (
				63FDE3D22815A56600E81D44 /* Debug */,
				63FDE3D32815A56600E81D44 /* Release */,
			);
			defaultConfigurationIsVisible = 0;
			defaultConfigurationName = Release;
		};
/* End XCConfigurationList section */

/* Begin XCVersionGroup section */
		63641C8C28176FEF00C192DB /* Movie.xcdatamodeld */ = {
			isa = XCVersionGroup;
			children = (
				63641C8D28176FEF00C192DB /* Movie.xcdatamodel */,
			);
			currentVersion = 63641C8D28176FEF00C192DB /* Movie.xcdatamodel */;
			path = Movie.xcdatamodeld;
			sourceTree = "<group>";
			versionGroupType = wrapper.xcdatamodel;
		};
/* End XCVersionGroup section */
	};
	rootObject = 63FDE39C2815A55E00E81D44 /* Project object */;
}
